{
  "projects": [
    {
      "projectId": "8PtdGodUbexNYgkuyBUcWu",
      "version": "3.33.0",
      "dependencies": {},
      "lang": "ts",
      "fileLocks": [
        {
          "assetId": "8PtdGodUbexNYgkuyBUcWu",
          "checksum": "c34deae3be4116372b8f09a576ea3a01",
          "type": "globalContexts"
        },
        {
          "assetId": "8PtdGodUbexNYgkuyBUcWu",
          "checksum": "23e35f9a7b22b3e265a5e7ef8ec77a00",
          "type": "projectModule"
        },
        {
          "assetId": "8PtdGodUbexNYgkuyBUcWu",
          "checksum": "e3a9e005a65ce098f4654b561c427772",
          "type": "styleTokensProvider"
        },
        {
          "assetId": "8PtdGodUbexNYgkuyBUcWu",
          "type": "projectCss",
          "checksum": "d0036c38cf1abb3618c71ab68a296b2b"
        }
      ],
      "codegenVersion": "0.0.2"
    },
    {
      "projectId": "58GpZjZCWTaJ8AUhpCwt2K",
      "version": "3.34.0",
      "dependencies": {},
      "lang": "ts",
      "fileLocks": [
        {
          "assetId": "58GpZjZCWTaJ8AUhpCwt2K",
          "checksum": "ba5a227fa7f7d5c086cc9a3f0cebe732",
          "type": "projectModule"
        },
        {
          "assetId": "58GpZjZCWTaJ8AUhpCwt2K",
          "checksum": "99d0e572c66e6ee763338215e010207b",
          "type": "styleTokensProvider"
        },
        {
          "assetId": "58GpZjZCWTaJ8AUhpCwt2K",
          "type": "projectCss",
          "checksum": "d6a3b1c76c10d347b435bd78a56a821e"
        }
      ],
      "codegenVersion": "0.0.2"
    },
    {
      "projectId": "r3ASNrnyvLLLAtDvzUioQ",
      "version": "4.14.0",
      "dependencies": {},
      "lang": "ts",
      "fileLocks": [
        {
          "assetId": "r3ASNrnyvLLLAtDvzUioQ",
          "checksum": "e100b8df3fdcbf40afdd96478006bbf7",
          "type": "projectModule"
        },
        {
          "assetId": "r3ASNrnyvLLLAtDvzUioQ",
          "checksum": "f5c5a38a70b17e95d987e33545eb8aaa",
          "type": "styleTokensProvider"
        },
        {
          "assetId": "r3ASNrnyvLLLAtDvzUioQ",
          "type": "projectCss",
          "checksum": "56a5d447501c0753e4cf451641894e78"
        }
      ],
      "codegenVersion": "0.0.2"
    },
    {
      "projectId": "gmeH6XgPaBtkt51HunAo4g",
      "version": "18.28.0",
      "dependencies": {},
      "lang": "ts",
      "fileLocks": [
        {
          "assetId": "gmeH6XgPaBtkt51HunAo4g",
          "checksum": "b257914c183ee7b8f06149f466106930",
          "type": "projectModule"
        },
        {
          "assetId": "gmeH6XgPaBtkt51HunAo4g",
          "checksum": "4b5f09b218e05c2944d99d725c0d2de2",
          "type": "styleTokensProvider"
        },
        {
          "assetId": "gmeH6XgPaBtkt51HunAo4g",
          "type": "projectCss",
          "checksum": "56a5d447501c0753e4cf451641894e78"
        }
      ],
      "codegenVersion": "0.0.2"
    },
    {
      "projectId": "7nJ7UcFmq9UzB6eXfC5z4a",
      "version": "0.37.0",
      "dependencies": {},
      "lang": "ts",
      "fileLocks": [
        {
          "assetId": "7nJ7UcFmq9UzB6eXfC5z4a",
          "checksum": "7163d6064a75eb61d5378e18a09f8af8",
          "type": "projectModule"
        },
        {
          "assetId": "7nJ7UcFmq9UzB6eXfC5z4a",
          "checksum": "f21aaa776619fbffc67947416283c0e3",
          "type": "styleTokensProvider"
        },
        {
          "assetId": "7nJ7UcFmq9UzB6eXfC5z4a",
          "type": "projectCss",
          "checksum": "20d5916eb5143297f22e98d05d487965"
        }
      ],
      "codegenVersion": "0.0.2"
    },
    {
      "projectId": "xp1p7dmg329XVLHyuEUxD2",
      "version": "11.41.0",
      "dependencies": {},
      "lang": "ts",
      "fileLocks": [
        {
          "assetId": "xp1p7dmg329XVLHyuEUxD2",
          "checksum": "b47a6c654d3425582777c8bb57615869",
          "type": "projectModule"
        },
        {
          "assetId": "xp1p7dmg329XVLHyuEUxD2",
          "checksum": "49e490503f54aa7e0f9274e8dfc007d2",
          "type": "styleTokensProvider"
        },
        {
          "assetId": "xp1p7dmg329XVLHyuEUxD2",
          "type": "projectCss",
          "checksum": "02881d8588d96bb8073fc2fa96770713"
        }
      ],
      "codegenVersion": "0.0.2"
    },
    {
      "projectId": "ohDidvG9XsCeFumugENU3J",
      "version": "6.35.0",
      "dependencies": {},
      "lang": "ts",
      "fileLocks": [
        {
          "assetId": "ohDidvG9XsCeFumugENU3J",
          "checksum": "f35a7050af9ad27b5adac4d101d88037",
          "type": "globalContexts"
        },
        {
          "assetId": "ohDidvG9XsCeFumugENU3J",
          "checksum": "c425737058d1ac29382a23e54666cb69",
          "type": "projectModule"
        },
        {
          "assetId": "ohDidvG9XsCeFumugENU3J",
          "checksum": "39f2bd024eac89b20b4a8ed8ef628efd",
          "type": "styleTokensProvider"
        },
        {
          "assetId": "ohDidvG9XsCeFumugENU3J",
          "type": "projectCss",
          "checksum": "c33cca495b4f537180cbc434c3f872b9"
        }
      ],
      "codegenVersion": "0.0.2"
    },
    {
      "projectId": "vqq2EkAzn3CTTzmF7cN3ao",
      "version": "latest",
      "dependencies": {
        "ohDidvG9XsCeFumugENU3J": "6.35.0",
        "xp1p7dmg329XVLHyuEUxD2": "11.41.0",
        "7nJ7UcFmq9UzB6eXfC5z4a": "0.37.0",
        "gmeH6XgPaBtkt51HunAo4g": "18.28.0",
        "r3ASNrnyvLLLAtDvzUioQ": "4.14.0",
        "58GpZjZCWTaJ8AUhpCwt2K": "3.34.0",
        "8PtdGodUbexNYgkuyBUcWu": "3.33.0",
        "caTPwKxj5ZrD9LQ7DMdK4Z": "3.47.0"
      },
      "lang": "ts",
      "fileLocks": [
        {
          "type": "globalVariant",
          "assetId": "_bcqIYMmwg5_",
          "checksum": "4737b8cbd89e918ae90d2cc88f16743d"
        },
        {
          "assetId": "vqq2EkAzn3CTTzmF7cN3ao",
          "checksum": "e0abc5765821396c087fe5924d7ba6d2",
          "type": "globalContexts"
        },
        {
          "type": "renderModule",
          "assetId": "1yiwtfdP4kH3",
          "checksum": "172db68d8810ac93c4919572c3a9b6c9"
        },
        {
          "type": "cssRules",
          "assetId": "1yiwtfdP4kH3",
          "checksum": "172db68d8810ac93c4919572c3a9b6c9"
        },
        {
          "type": "renderModule",
          "assetId": "TUfunDceiXe8",
          "checksum": "bd15a15abb4183b2115b46a9cfe71e8a"
        },
        {
          "type": "cssRules",
          "assetId": "TUfunDceiXe8",
          "checksum": "bd15a15abb4183b2115b46a9cfe71e8a"
        },
        {
          "type": "renderModule",
          "assetId": "TvgYy1l8Ht5S",
          "checksum": "2498f979cf8a06eac6bcfa94a1a57cc2"
        },
        {
          "type": "cssRules",
          "assetId": "TvgYy1l8Ht5S",
          "checksum": "2498f979cf8a06eac6bcfa94a1a57cc2"
        },
        {
          "type": "renderModule",
          "assetId": "UEEpgroGNPeM",
          "checksum": "6a622f27f4da338c5852c385e396d5b4"
        },
        {
          "type": "cssRules",
          "assetId": "UEEpgroGNPeM",
          "checksum": "6a622f27f4da338c5852c385e396d5b4"
        },
        {
          "type": "renderModule",
          "assetId": "GTvI7WpPAi-K",
          "checksum": "d47b4d9b902856dc3625d960ac0fbd0e"
        },
        {
          "type": "cssRules",
          "assetId": "GTvI7WpPAi-K",
          "checksum": "d47b4d9b902856dc3625d960ac0fbd0e"
        },
        {
          "type": "renderModule",
          "assetId": "XY7k8ikP1mZU",
          "checksum": "330a2ac054901b5f2e2e601460758786"
        },
        {
          "type": "cssRules",
          "assetId": "XY7k8ikP1mZU",
          "checksum": "330a2ac054901b5f2e2e601460758786"
        },
        {
          "type": "renderModule",
          "assetId": "p34zt-MnBlpX",
          "checksum": "0b9ff1cf4f79edcaf8d70481241bb6e1"
        },
        {
          "type": "cssRules",
          "assetId": "p34zt-MnBlpX",
          "checksum": "0b9ff1cf4f79edcaf8d70481241bb6e1"
        },
        {
          "type": "renderModule",
          "assetId": "5URxreujsqk7",
          "checksum": "3b99d0ad09636ec68d50a83f5aaa2ab6"
        },
        {
          "type": "cssRules",
          "assetId": "5URxreujsqk7",
          "checksum": "3b99d0ad09636ec68d50a83f5aaa2ab6"
        },
        {
          "type": "renderModule",
          "assetId": "6Us2WCXn4WFf",
          "checksum": "cc2b7a931e3a91b6bbae3575f4aa1d91"
        },
        {
          "type": "cssRules",
          "assetId": "6Us2WCXn4WFf",
          "checksum": "cc2b7a931e3a91b6bbae3575f4aa1d91"
        },
        {
          "type": "renderModule",
          "assetId": "EoeWiaykbocf",
          "checksum": "fb856cf4f44f8ceee0368ee27738297f"
        },
        {
          "type": "cssRules",
          "assetId": "EoeWiaykbocf",
          "checksum": "fb856cf4f44f8ceee0368ee27738297f"
        },
        {
          "type": "renderModule",
          "assetId": "WpsoIcLzp7L2",
          "checksum": "4b210e9875ab2fdd2f72d7cb9ae17e57"
        },
        {
          "type": "cssRules",
          "assetId": "WpsoIcLzp7L2",
          "checksum": "4b210e9875ab2fdd2f72d7cb9ae17e57"
        },
        {
          "type": "renderModule",
          "assetId": "Gn9AevL_Gj91",
          "checksum": "a088f7f98fd618b6aac355bae9481ea6"
        },
        {
          "type": "cssRules",
          "assetId": "Gn9AevL_Gj91",
          "checksum": "a088f7f98fd618b6aac355bae9481ea6"
        },
        {
          "type": "renderModule",
          "assetId": "_QV6Qb-mj3ck",
          "checksum": "4115b6a6b6d7133bf877e24355ef0c41"
        },
        {
          "type": "cssRules",
          "assetId": "_QV6Qb-mj3ck",
          "checksum": "4115b6a6b6d7133bf877e24355ef0c41"
        },
        {
          "type": "renderModule",
          "assetId": "xkG9XGMMUCij",
          "checksum": "c4634bf0be0b795d6611c8aedd4e4b51"
        },
        {
          "type": "cssRules",
          "assetId": "xkG9XGMMUCij",
          "checksum": "c4634bf0be0b795d6611c8aedd4e4b51"
        },
        {
          "type": "renderModule",
          "assetId": "z8ZcmlVunGaR",
          "checksum": "6fe24ba3adc5f2177956753086e4f12b"
        },
        {
          "type": "cssRules",
          "assetId": "z8ZcmlVunGaR",
          "checksum": "6fe24ba3adc5f2177956753086e4f12b"
        },
        {
          "type": "renderModule",
          "assetId": "Uah7VsWpV6Q4",
          "checksum": "2903c1857b474ff9b4a940106f218536"
        },
        {
          "type": "cssRules",
          "assetId": "Uah7VsWpV6Q4",
          "checksum": "2903c1857b474ff9b4a940106f218536"
        },
        {
          "type": "renderModule",
          "assetId": "MlYa0Ac5yeND",
          "checksum": "4af7eadf523725e26c072b9569aa47c5"
        },
        {
          "type": "cssRules",
          "assetId": "MlYa0Ac5yeND",
          "checksum": "4af7eadf523725e26c072b9569aa47c5"
        },
        {
          "type": "renderModule",
          "assetId": "Qey7pJzlldRh",
          "checksum": "a072c179bf26662af723bd02f41f4e4e"
        },
        {
          "type": "cssRules",
          "assetId": "Qey7pJzlldRh",
          "checksum": "a072c179bf26662af723bd02f41f4e4e"
        },
        {
          "type": "icon",
          "assetId": "gQ9GL9qi87FQ",
          "checksum": "4e9aeff59176ab7b8a0bf959836911a0"
        },
        {
          "type": "icon",
          "assetId": "qG4-swCrl7ga",
          "checksum": "fe2804221b301668f6f4e46d1444c116"
        },
        {
          "type": "icon",
          "assetId": "m0VFjbE6BvxG",
          "checksum": "0f2b542da709e8faea70eb596edd2c0d"
        },
        {
          "type": "icon",
          "assetId": "iL3k7jDQp8ck",
          "checksum": "69b1b7fcd30f5895eacbc05a7ea39da5"
        },
        {
          "type": "icon",
          "assetId": "DWmzHbVOcIT-",
          "checksum": "157871e50a2f5b65d6b92c5d96f5eb6e"
        },
        {
          "type": "icon",
          "assetId": "oOAj4nB30LP5",
          "checksum": "6c61dc61514da6cdab949352b8fd3eab"
        },
        {
          "type": "icon",
          "assetId": "XZALJdQHSzde",
          "checksum": "1036b5dc84cf7736b6be42b1a29bcad8"
        },
        {
          "type": "icon",
          "assetId": "Xh-P5OZMUhzA",
          "checksum": "907a6bfb3a50b2c75cd3ad7afcc6d635"
        },
        {
          "type": "icon",
          "assetId": "foRmfpFiRxDt",
          "checksum": "7e3faabbca8284e0651efbad12b9e67f"
        },
        {
          "type": "icon",
          "assetId": "50XTRVpA0kRv",
          "checksum": "290d27f842aeaf39aa85df3ec450938a"
        },
        {
          "type": "icon",
          "assetId": "I1-UL0cTF0ke",
          "checksum": "8a1823580908c197f77edfccb0581ebc"
        },
        {
          "type": "icon",
          "assetId": "WtRK-ReZF1W-",
          "checksum": "46db091e382b123dba3561be7e72b69b"
        },
        {
          "type": "icon",
          "assetId": "zEW0s-npBroX",
          "checksum": "40f4aed13f9c74b45fab72bcbea7b968"
        },
        {
          "type": "icon",
          "assetId": "aHoszmLT10rp",
          "checksum": "cb7810f027bccf00959d192690a886e5"
        },
        {
          "type": "icon",
          "assetId": "c73RtLfNBEOR",
          "checksum": "94654a643b43a03c4e6c0340a52f5ae9"
        },
        {
          "type": "icon",
          "assetId": "NnlUgWY9zufC",
          "checksum": "f6026e3fcfcc2be9aa870811b22cb51a"
        },
        {
          "type": "icon",
          "assetId": "189YLvEKZ9fA",
          "checksum": "c41c5b1942638669d6250ed29b686893"
        },
        {
          "type": "image",
          "assetId": "BI3tNvHR6Ces",
          "checksum": "60fe0a60de08e30df1c8bc24c04821f1"
        },
        {
          "type": "image",
          "assetId": "VN0JBUqLZp-g",
          "checksum": "75db6789d2f6b85a4ae195c9e82e1731"
        },
        {
          "type": "image",
          "assetId": "D223yFPQ4sVr",
          "checksum": "5963ff599146ed5df36c6ce1ee8d0222"
        },
        {
          "type": "image",
          "assetId": "u9hRAB2vqlGn",
          "checksum": "8ddff35ca9700bcf90b6021ec09ba502"
        },
        {
          "type": "image",
          "assetId": "f5Ec70BX_oNG",
          "checksum": "835afe6462debd3c780cc73b87cd461c"
        },
        {
          "type": "image",
          "assetId": "FK5pTewoUr76",
          "checksum": "0334d2ea29b3668695ae8bf42e1da020"
        },
        {
          "type": "image",
          "assetId": "vgoGQOsg5dVF",
          "checksum": "5c50b09860fdf5943cf7ec11355256be"
        },
        {
          "type": "image",
          "assetId": "vPfkS_JnVxsV",
          "checksum": "1557781586211c907dca817091111e02"
        },
        {
          "type": "image",
          "assetId": "VjTAt4eH7ZO-",
          "checksum": "25ed1d41cc422443de075d4b0a08775e"
        },
        {
          "type": "image",
          "assetId": "S29hhwlGYPRV",
          "checksum": "1c9d211e7909e6f11d913da202b75176"
        },
        {
          "type": "image",
          "assetId": "81juFbMnRMtu",
          "checksum": "9da26d479e3a1136774a8c8a3b39c187"
        },
        {
          "type": "image",
          "assetId": "fVEwkwjOzkt3",
          "checksum": "e7c9bca890b2a4e9f6bd73f1201354a0"
        },
        {
          "type": "image",
          "assetId": "V5jUJPmg3IA6",
          "checksum": "0056579d2f43e7fe18ac5d1467a826f3"
        },
        {
          "type": "image",
          "assetId": "bT5CRmo3CRcg",
          "checksum": "c17dc4f64c29879eed1b9145f3339815"
        },
        {
          "type": "image",
          "assetId": "jhvk7es4RVUz",
          "checksum": "304a501790f064e28be96d99c6f49e95"
        },
        {
          "type": "image",
          "assetId": "vD0HkPYYGPHz",
          "checksum": "791ad23bd2ea5dd30eaa51586c0be844"
        },
        {
          "type": "image",
          "assetId": "GhJWhgOl7zLc",
          "checksum": "3958612dfc521a10bb0aaf1d497fcfb2"
        },
        {
          "type": "image",
          "assetId": "vMGz9fdv8LTY",
          "checksum": "5002e902caa0a9440aed6a5ea71f6ee7"
        },
        {
          "type": "image",
          "assetId": "-o-HnkyQy6av",
          "checksum": "41c2f2b9c3dd5a37623830f5362992ee"
        },
        {
          "type": "image",
          "assetId": "LDVKoQ5TDNwp",
          "checksum": "ded882aa3a7e3b3e9422c67f7de902cb"
        },
        {
          "type": "renderModule",
          "assetId": "sGwmsxf_S2NU",
          "checksum": "d46355710a586fb73fca8aaec60ed888"
        },
        {
          "type": "cssRules",
          "assetId": "sGwmsxf_S2NU",
          "checksum": "d46355710a586fb73fca8aaec60ed888"
        },
        {
          "type": "renderModule",
          "assetId": "ofZRJvk17xGu",
          "checksum": "36d7da7cd9221a0cb34a18bcaaf7d414"
        },
        {
          "type": "cssRules",
          "assetId": "ofZRJvk17xGu",
          "checksum": "36d7da7cd9221a0cb34a18bcaaf7d414"
        },
        {
          "type": "renderModule",
          "assetId": "pwkDe4WdLeEP",
          "checksum": "e11cb72cb2efa4c20a6059f9595d6a98"
        },
        {
          "type": "cssRules",
          "assetId": "pwkDe4WdLeEP",
          "checksum": "e11cb72cb2efa4c20a6059f9595d6a98"
        },
        {
          "type": "image",
          "assetId": "sO40N34crS2x",
          "checksum": "79064e65bbb79a5c44132033447fad77"
        },
        {
          "type": "image",
          "assetId": "6wKTpeQXfc3d",
          "checksum": "f9b64e4ded9854d5a3cbfbe7f7ee289d"
        },
        {
          "type": "image",
          "assetId": "0Yox9Emv-03E",
          "checksum": "b62e775ff75d2ea940244140751c4613"
        },
        {
          "type": "image",
          "assetId": "JWrCDZVVef-q",
          "checksum": "ba0dd55803b5bac53da4e307019bbe21"
        },
        {
          "type": "image",
          "assetId": "RJDYbWRwdDHB",
          "checksum": "06b68e673bd444b869edce9c50095939"
        },
        {
          "assetId": "vqq2EkAzn3CTTzmF7cN3ao",
          "checksum": "92dc44924099f99a34f3636944169850",
          "type": "projectModule"
        },
        {
          "assetId": "vqq2EkAzn3CTTzmF7cN3ao",
          "checksum": "ff61cac787593c5ef701b6205a2c6880",
          "type": "styleTokensProvider"
        },
        {
          "type": "icon",
          "assetId": "pDVD-qoq9ubb",
          "checksum": "125007b24c82493035ce10eb19712d59"
        },
        {
          "type": "image",
          "assetId": "Nyy_IkYQNMI2",
          "checksum": "9ad2f8d10ab442e582e9bba86be2be17"
        },
        {
          "assetId": "vqq2EkAzn3CTTzmF7cN3ao",
          "type": "projectCss",
          "checksum": "68f26ffadc3abe806f2a6f9292bae7ec"
        },
        {
          "type": "image",
          "assetId": "x97vjW2vJ99p",
          "checksum": "67674684482360a98ef1dd98731ac765"
        },
        {
          "type": "image",
          "assetId": "XDZee1M0k6dL",
          "checksum": "07357e3528f7a4a4a2c14d153a45c353"
        }
      ],
      "codegenVersion": "0.0.2"
    },
    {
      "projectId": "caTPwKxj5ZrD9LQ7DMdK4Z",
      "version": "3.47.0",
      "dependencies": {},
      "lang": "ts",
      "fileLocks": [
        {
          "assetId": "caTPwKxj5ZrD9LQ7DMdK4Z",
          "checksum": "efdcd613ac98718578f9c563cd75fd38",
          "type": "projectModule"
        },
        {
          "assetId": "caTPwKxj5ZrD9LQ7DMdK4Z",
          "checksum": "da63876a1ab2ffe408f66af115d28c46",
          "type": "styleTokensProvider"
        },
        {
          "assetId": "caTPwKxj5ZrD9LQ7DMdK4Z",
          "type": "projectCss",
          "checksum": "56a5d447501c0753e4cf451641894e78"
        }
      ],
      "codegenVersion": "0.0.2"
    }
  ],
  "cliVersion": "0.1.340"
}
