{
  "projects": [
    {
      "projectId": "8PtdGodUbexNYgkuyBUcWu",
      "version": "3.32.0",
      "dependencies": {},
      "lang": "ts",
      "fileLocks": [
        {
          "assetId": "8PtdGodUbexNYgkuyBUcWu",
          "checksum": "73535dd5df0b6752ddefce5a51e0fa5e",
          "type": "globalContexts"
        },
        {
          "assetId": "8PtdGodUbexNYgkuyBUcWu",
          "type": "projectCss",
          "checksum": "088414e6e971a72681288a050fb2f7d7"
        }
      ],
      "codegenVersion": "0.0.1"
    },
    {
      "projectId": "58GpZjZCWTaJ8AUhpCwt2K",
      "version": "3.33.0",
      "dependencies": {},
      "lang": "ts",
      "fileLocks": [
        {
          "assetId": "58GpZjZCWTaJ8AUhpCwt2K",
          "type": "projectCss",
          "checksum": "b4cfca3020a1c748035158bb466abc3b"
        }
      ],
      "codegenVersion": "0.0.1"
    },
    {
      "projectId": "r3ASNrnyvLLLAtDvzUioQ",
      "version": "4.13.0",
      "dependencies": {},
      "lang": "ts",
      "fileLocks": [
        {
          "assetId": "r3ASNrnyvLLLAtDvzUioQ",
          "type": "projectCss",
          "checksum": "fd97b5780f8a68a1561c8818e6d31f40"
        }
      ],
      "codegenVersion": "0.0.1"
    },
    {
      "projectId": "gmeH6XgPaBtkt51HunAo4g",
      "version": "18.25.0",
      "dependencies": {},
      "lang": "ts",
      "fileLocks": [
        {
          "assetId": "gmeH6XgPaBtkt51HunAo4g",
          "type": "projectCss",
          "checksum": "fd97b5780f8a68a1561c8818e6d31f40"
        }
      ],
      "codegenVersion": "0.0.1"
    },
    {
      "projectId": "7nJ7UcFmq9UzB6eXfC5z4a",
      "version": "0.36.0",
      "dependencies": {},
      "lang": "ts",
      "fileLocks": [
        {
          "assetId": "7nJ7UcFmq9UzB6eXfC5z4a",
          "type": "projectCss",
          "checksum": "094acef1b416945664ed3718a7cd2665"
        }
      ],
      "codegenVersion": "0.0.1"
    },
    {
      "projectId": "xp1p7dmg329XVLHyuEUxD2",
      "version": "11.40.0",
      "dependencies": {},
      "lang": "ts",
      "fileLocks": [
        {
          "assetId": "xp1p7dmg329XVLHyuEUxD2",
          "type": "projectCss",
          "checksum": "2b3c0d9d38e51eed38ac4a025776358b"
        }
      ],
      "codegenVersion": "0.0.1"
    },
    {
      "projectId": "ohDidvG9XsCeFumugENU3J",
      "version": "6.34.0",
      "dependencies": {},
      "lang": "ts",
      "fileLocks": [
        {
          "assetId": "ohDidvG9XsCeFumugENU3J",
          "checksum": "f9cc098ce5640eefe7d9edb8470a210c",
          "type": "globalContexts"
        },
        {
          "assetId": "ohDidvG9XsCeFumugENU3J",
          "type": "projectCss",
          "checksum": "90d914ab6827da8f06873ac8ab81cbfa"
        }
      ],
      "codegenVersion": "0.0.1"
    },
    {
      "projectId": "vqq2EkAzn3CTTzmF7cN3ao",
      "version": "latest",
      "dependencies": {
        "ohDidvG9XsCeFumugENU3J": "6.34.0",
        "xp1p7dmg329XVLHyuEUxD2": "11.40.0",
        "7nJ7UcFmq9UzB6eXfC5z4a": "0.36.0",
        "gmeH6XgPaBtkt51HunAo4g": "18.25.0",
        "r3ASNrnyvLLLAtDvzUioQ": "4.13.0",
        "58GpZjZCWTaJ8AUhpCwt2K": "3.33.0",
        "8PtdGodUbexNYgkuyBUcWu": "3.32.0",
        "caTPwKxj5ZrD9LQ7DMdK4Z": "3.45.0"
      },
      "lang": "ts",
      "fileLocks": [
        {
          "type": "globalVariant",
          "assetId": "_bcqIYMmwg5_",
          "checksum": "4737b8cbd89e918ae90d2cc88f16743d"
        },
        {
          "assetId": "vqq2EkAzn3CTTzmF7cN3ao",
          "checksum": "c9f53fda8cbb8d56ec976da0401df028",
          "type": "globalContexts"
        },
        {
          "type": "renderModule",
          "assetId": "1yiwtfdP4kH3",
          "checksum": "0204080e47ce81ed3848265118ffbe88"
        },
        {
          "type": "cssRules",
          "assetId": "1yiwtfdP4kH3",
          "checksum": "0204080e47ce81ed3848265118ffbe88"
        },
        {
          "type": "renderModule",
          "assetId": "TUfunDceiXe8",
          "checksum": "edd6055cd7082c054b2a7f8fbf558735"
        },
        {
          "type": "cssRules",
          "assetId": "TUfunDceiXe8",
          "checksum": "edd6055cd7082c054b2a7f8fbf558735"
        },
        {
          "type": "renderModule",
          "assetId": "TvgYy1l8Ht5S",
          "checksum": "a716159e68fcf10fa3cfe39f416ee0d5"
        },
        {
          "type": "cssRules",
          "assetId": "TvgYy1l8Ht5S",
          "checksum": "a716159e68fcf10fa3cfe39f416ee0d5"
        },
        {
          "type": "renderModule",
          "assetId": "UEEpgroGNPeM",
          "checksum": "5f68d4bbd0b8d7f278e040bef3bf94a0"
        },
        {
          "type": "cssRules",
          "assetId": "UEEpgroGNPeM",
          "checksum": "5f68d4bbd0b8d7f278e040bef3bf94a0"
        },
        {
          "type": "renderModule",
          "assetId": "GTvI7WpPAi-K",
          "checksum": "3e9d94139fcd7adff6f6ba58eabc4d9f"
        },
        {
          "type": "cssRules",
          "assetId": "GTvI7WpPAi-K",
          "checksum": "3e9d94139fcd7adff6f6ba58eabc4d9f"
        },
        {
          "type": "renderModule",
          "assetId": "XY7k8ikP1mZU",
          "checksum": "170254c079bec0811b7c573e320ae0f6"
        },
        {
          "type": "cssRules",
          "assetId": "XY7k8ikP1mZU",
          "checksum": "170254c079bec0811b7c573e320ae0f6"
        },
        {
          "type": "renderModule",
          "assetId": "p34zt-MnBlpX",
          "checksum": "02935f414d42dcb633cbccfe4fe3c8f4"
        },
        {
          "type": "cssRules",
          "assetId": "p34zt-MnBlpX",
          "checksum": "02935f414d42dcb633cbccfe4fe3c8f4"
        },
        {
          "type": "renderModule",
          "assetId": "5URxreujsqk7",
          "checksum": "84a5f6b30ea0fd8bf57d018abdad9769"
        },
        {
          "type": "cssRules",
          "assetId": "5URxreujsqk7",
          "checksum": "84a5f6b30ea0fd8bf57d018abdad9769"
        },
        {
          "type": "renderModule",
          "assetId": "6Us2WCXn4WFf",
          "checksum": "9a833eceed19934f1ca91ccb1b9423ed"
        },
        {
          "type": "cssRules",
          "assetId": "6Us2WCXn4WFf",
          "checksum": "9a833eceed19934f1ca91ccb1b9423ed"
        },
        {
          "type": "renderModule",
          "assetId": "EoeWiaykbocf",
          "checksum": "34e4a6e3926b71dad8877e5fa40c4b78"
        },
        {
          "type": "cssRules",
          "assetId": "EoeWiaykbocf",
          "checksum": "34e4a6e3926b71dad8877e5fa40c4b78"
        },
        {
          "type": "renderModule",
          "assetId": "WpsoIcLzp7L2",
          "checksum": "9d70607833f0db37b826bbcf0ce58ce9"
        },
        {
          "type": "cssRules",
          "assetId": "WpsoIcLzp7L2",
          "checksum": "9d70607833f0db37b826bbcf0ce58ce9"
        },
        {
          "type": "renderModule",
          "assetId": "Gn9AevL_Gj91",
          "checksum": "76ab0138f23fe673876cd6c03302ab07"
        },
        {
          "type": "cssRules",
          "assetId": "Gn9AevL_Gj91",
          "checksum": "76ab0138f23fe673876cd6c03302ab07"
        },
        {
          "type": "renderModule",
          "assetId": "_QV6Qb-mj3ck",
          "checksum": "51b7b4b092c650e0cda8e61d3e85ad16"
        },
        {
          "type": "cssRules",
          "assetId": "_QV6Qb-mj3ck",
          "checksum": "51b7b4b092c650e0cda8e61d3e85ad16"
        },
        {
          "type": "renderModule",
          "assetId": "xkG9XGMMUCij",
          "checksum": "0e6b1a2bc724d1520df30ccbada0ff78"
        },
        {
          "type": "cssRules",
          "assetId": "xkG9XGMMUCij",
          "checksum": "0e6b1a2bc724d1520df30ccbada0ff78"
        },
        {
          "type": "renderModule",
          "assetId": "z8ZcmlVunGaR",
          "checksum": "4114fd5a3af8662c6e88be7e64ffb967"
        },
        {
          "type": "cssRules",
          "assetId": "z8ZcmlVunGaR",
          "checksum": "4114fd5a3af8662c6e88be7e64ffb967"
        },
        {
          "type": "renderModule",
          "assetId": "Uah7VsWpV6Q4",
          "checksum": "0a65562c5a742a5351e788edc4676a32"
        },
        {
          "type": "cssRules",
          "assetId": "Uah7VsWpV6Q4",
          "checksum": "0a65562c5a742a5351e788edc4676a32"
        },
        {
          "type": "renderModule",
          "assetId": "MlYa0Ac5yeND",
          "checksum": "d3cd621640dc6cb143de6eb11b9b0abe"
        },
        {
          "type": "cssRules",
          "assetId": "MlYa0Ac5yeND",
          "checksum": "d3cd621640dc6cb143de6eb11b9b0abe"
        },
        {
          "type": "renderModule",
          "assetId": "Qey7pJzlldRh",
          "checksum": "a34f1818294309de8e260e9814e0746d"
        },
        {
          "type": "cssRules",
          "assetId": "Qey7pJzlldRh",
          "checksum": "a34f1818294309de8e260e9814e0746d"
        },
        {
          "type": "icon",
          "assetId": "gQ9GL9qi87FQ",
          "checksum": "4e9aeff59176ab7b8a0bf959836911a0"
        },
        {
          "type": "icon",
          "assetId": "qG4-swCrl7ga",
          "checksum": "fe2804221b301668f6f4e46d1444c116"
        },
        {
          "type": "icon",
          "assetId": "m0VFjbE6BvxG",
          "checksum": "0f2b542da709e8faea70eb596edd2c0d"
        },
        {
          "type": "icon",
          "assetId": "iL3k7jDQp8ck",
          "checksum": "69b1b7fcd30f5895eacbc05a7ea39da5"
        },
        {
          "type": "icon",
          "assetId": "DWmzHbVOcIT-",
          "checksum": "157871e50a2f5b65d6b92c5d96f5eb6e"
        },
        {
          "type": "icon",
          "assetId": "oOAj4nB30LP5",
          "checksum": "6c61dc61514da6cdab949352b8fd3eab"
        },
        {
          "type": "icon",
          "assetId": "XZALJdQHSzde",
          "checksum": "1036b5dc84cf7736b6be42b1a29bcad8"
        },
        {
          "type": "icon",
          "assetId": "Xh-P5OZMUhzA",
          "checksum": "907a6bfb3a50b2c75cd3ad7afcc6d635"
        },
        {
          "type": "icon",
          "assetId": "foRmfpFiRxDt",
          "checksum": "7e3faabbca8284e0651efbad12b9e67f"
        },
        {
          "type": "icon",
          "assetId": "50XTRVpA0kRv",
          "checksum": "290d27f842aeaf39aa85df3ec450938a"
        },
        {
          "type": "icon",
          "assetId": "I1-UL0cTF0ke",
          "checksum": "8a1823580908c197f77edfccb0581ebc"
        },
        {
          "type": "icon",
          "assetId": "WtRK-ReZF1W-",
          "checksum": "46db091e382b123dba3561be7e72b69b"
        },
        {
          "type": "icon",
          "assetId": "zEW0s-npBroX",
          "checksum": "40f4aed13f9c74b45fab72bcbea7b968"
        },
        {
          "type": "icon",
          "assetId": "aHoszmLT10rp",
          "checksum": "cb7810f027bccf00959d192690a886e5"
        },
        {
          "type": "icon",
          "assetId": "c73RtLfNBEOR",
          "checksum": "94654a643b43a03c4e6c0340a52f5ae9"
        },
        {
          "type": "icon",
          "assetId": "NnlUgWY9zufC",
          "checksum": "f6026e3fcfcc2be9aa870811b22cb51a"
        },
        {
          "type": "icon",
          "assetId": "189YLvEKZ9fA",
          "checksum": "c41c5b1942638669d6250ed29b686893"
        },
        {
          "type": "image",
          "assetId": "BI3tNvHR6Ces",
          "checksum": "60fe0a60de08e30df1c8bc24c04821f1"
        },
        {
          "type": "image",
          "assetId": "VN0JBUqLZp-g",
          "checksum": "75db6789d2f6b85a4ae195c9e82e1731"
        },
        {
          "type": "image",
          "assetId": "D223yFPQ4sVr",
          "checksum": "5963ff599146ed5df36c6ce1ee8d0222"
        },
        {
          "type": "image",
          "assetId": "u9hRAB2vqlGn",
          "checksum": "8ddff35ca9700bcf90b6021ec09ba502"
        },
        {
          "type": "image",
          "assetId": "f5Ec70BX_oNG",
          "checksum": "835afe6462debd3c780cc73b87cd461c"
        },
        {
          "type": "image",
          "assetId": "FK5pTewoUr76",
          "checksum": "0334d2ea29b3668695ae8bf42e1da020"
        },
        {
          "type": "image",
          "assetId": "vgoGQOsg5dVF",
          "checksum": "5c50b09860fdf5943cf7ec11355256be"
        },
        {
          "type": "image",
          "assetId": "vPfkS_JnVxsV",
          "checksum": "1557781586211c907dca817091111e02"
        },
        {
          "type": "image",
          "assetId": "VjTAt4eH7ZO-",
          "checksum": "25ed1d41cc422443de075d4b0a08775e"
        },
        {
          "type": "image",
          "assetId": "S29hhwlGYPRV",
          "checksum": "1c9d211e7909e6f11d913da202b75176"
        },
        {
          "type": "image",
          "assetId": "81juFbMnRMtu",
          "checksum": "9da26d479e3a1136774a8c8a3b39c187"
        },
        {
          "type": "image",
          "assetId": "fVEwkwjOzkt3",
          "checksum": "e7c9bca890b2a4e9f6bd73f1201354a0"
        },
        {
          "type": "image",
          "assetId": "V5jUJPmg3IA6",
          "checksum": "0056579d2f43e7fe18ac5d1467a826f3"
        },
        {
          "type": "image",
          "assetId": "bT5CRmo3CRcg",
          "checksum": "c17dc4f64c29879eed1b9145f3339815"
        },
        {
          "type": "image",
          "assetId": "jhvk7es4RVUz",
          "checksum": "304a501790f064e28be96d99c6f49e95"
        },
        {
          "type": "image",
          "assetId": "vD0HkPYYGPHz",
          "checksum": "791ad23bd2ea5dd30eaa51586c0be844"
        },
        {
          "type": "image",
          "assetId": "GhJWhgOl7zLc",
          "checksum": "3958612dfc521a10bb0aaf1d497fcfb2"
        },
        {
          "type": "image",
          "assetId": "vMGz9fdv8LTY",
          "checksum": "5002e902caa0a9440aed6a5ea71f6ee7"
        },
        {
          "type": "image",
          "assetId": "-o-HnkyQy6av",
          "checksum": "41c2f2b9c3dd5a37623830f5362992ee"
        },
        {
          "type": "image",
          "assetId": "LDVKoQ5TDNwp",
          "checksum": "ded882aa3a7e3b3e9422c67f7de902cb"
        },
        {
          "type": "renderModule",
          "assetId": "sGwmsxf_S2NU",
          "checksum": "62e02af833109ba5cf623cb893c7c9b6"
        },
        {
          "type": "cssRules",
          "assetId": "sGwmsxf_S2NU",
          "checksum": "62e02af833109ba5cf623cb893c7c9b6"
        },
        {
          "type": "renderModule",
          "assetId": "ofZRJvk17xGu",
          "checksum": "56c2267242a09cef9fd2adf90af7aa1d"
        },
        {
          "type": "cssRules",
          "assetId": "ofZRJvk17xGu",
          "checksum": "56c2267242a09cef9fd2adf90af7aa1d"
        },
        {
          "type": "renderModule",
          "assetId": "pwkDe4WdLeEP",
          "checksum": "bee50251638fb7c02705263a5f758a86"
        },
        {
          "type": "cssRules",
          "assetId": "pwkDe4WdLeEP",
          "checksum": "bee50251638fb7c02705263a5f758a86"
        },
        {
          "type": "image",
          "assetId": "sO40N34crS2x",
          "checksum": "79064e65bbb79a5c44132033447fad77"
        },
        {
          "type": "image",
          "assetId": "6wKTpeQXfc3d",
          "checksum": "f9b64e4ded9854d5a3cbfbe7f7ee289d"
        },
        {
          "type": "image",
          "assetId": "0Yox9Emv-03E",
          "checksum": "b62e775ff75d2ea940244140751c4613"
        },
        {
          "type": "image",
          "assetId": "JWrCDZVVef-q",
          "checksum": "ba0dd55803b5bac53da4e307019bbe21"
        },
        {
          "type": "image",
          "assetId": "RJDYbWRwdDHB",
          "checksum": "06b68e673bd444b869edce9c50095939"
        },
        {
          "assetId": "vqq2EkAzn3CTTzmF7cN3ao",
          "type": "projectCss",
          "checksum": "11190cfe9b507761e85f3cd4c055e51f"
        }
      ],
      "codegenVersion": "0.0.1"
    },
    {
      "projectId": "caTPwKxj5ZrD9LQ7DMdK4Z",
      "version": "3.45.0",
      "dependencies": {},
      "lang": "ts",
      "fileLocks": [
        {
          "assetId": "caTPwKxj5ZrD9LQ7DMdK4Z",
          "type": "projectCss",
          "checksum": "fd97b5780f8a68a1561c8818e6d31f40"
        }
      ],
      "codegenVersion": "0.0.1"
    }
  ],
  "cliVersion": "0.1.340"
}
