{
  "projects": [
    {
      "projectId": "8PtdGodUbexNYgkuyBUcWu",
      "version": "3.32.0",
      "dependencies": {},
      "lang": "ts",
      "fileLocks": [
        {
          "assetId": "8PtdGodUbexNYgkuyBUcWu",
          "checksum": "c34deae3be4116372b8f09a576ea3a01",
          "type": "globalContexts"
        },
        {
          "assetId": "8PtdGodUbexNYgkuyBUcWu",
          "type": "projectCss",
          "checksum": "088414e6e971a72681288a050fb2f7d7"
        },
        {
          "assetId": "8PtdGodUbexNYgkuyBUcWu",
          "checksum": "23e35f9a7b22b3e265a5e7ef8ec77a00",
          "type": "projectModule"
        },
        {
          "assetId": "8PtdGodUbexNYgkuyBUcWu",
          "checksum": "f4648e6bffbe30fbcd5b6898f2f6f659",
          "type": "styleTokensProvider"
        }
      ],
      "codegenVersion": "0.0.2"
    },
    {
      "projectId": "58GpZjZCWTaJ8AUhpCwt2K",
      "version": "3.33.0",
      "dependencies": {},
      "lang": "ts",
      "fileLocks": [
        {
          "assetId": "58GpZjZCWTaJ8AUhpCwt2K",
          "type": "projectCss",
          "checksum": "b4cfca3020a1c748035158bb466abc3b"
        },
        {
          "assetId": "58GpZjZCWTaJ8AUhpCwt2K",
          "checksum": "ba5a227fa7f7d5c086cc9a3f0cebe732",
          "type": "projectModule"
        },
        {
          "assetId": "58GpZjZCWTaJ8AUhpCwt2K",
          "checksum": "ce805aeb5be9bd988f98833caab3188b",
          "type": "styleTokensProvider"
        }
      ],
      "codegenVersion": "0.0.2"
    },
    {
      "projectId": "r3ASNrnyvLLLAtDvzUioQ",
      "version": "4.13.0",
      "dependencies": {},
      "lang": "ts",
      "fileLocks": [
        {
          "assetId": "r3ASNrnyvLLLAtDvzUioQ",
          "type": "projectCss",
          "checksum": "fd97b5780f8a68a1561c8818e6d31f40"
        },
        {
          "assetId": "r3ASNrnyvLLLAtDvzUioQ",
          "checksum": "e100b8df3fdcbf40afdd96478006bbf7",
          "type": "projectModule"
        },
        {
          "assetId": "r3ASNrnyvLLLAtDvzUioQ",
          "checksum": "b0181bfa3fa68f3b889da9be7d7df94f",
          "type": "styleTokensProvider"
        }
      ],
      "codegenVersion": "0.0.2"
    },
    {
      "projectId": "gmeH6XgPaBtkt51HunAo4g",
      "version": "18.25.0",
      "dependencies": {},
      "lang": "ts",
      "fileLocks": [
        {
          "assetId": "gmeH6XgPaBtkt51HunAo4g",
          "type": "projectCss",
          "checksum": "fd97b5780f8a68a1561c8818e6d31f40"
        },
        {
          "assetId": "gmeH6XgPaBtkt51HunAo4g",
          "checksum": "b257914c183ee7b8f06149f466106930",
          "type": "projectModule"
        },
        {
          "assetId": "gmeH6XgPaBtkt51HunAo4g",
          "checksum": "2761cb86563caae329d2f632cfefa8f5",
          "type": "styleTokensProvider"
        }
      ],
      "codegenVersion": "0.0.2"
    },
    {
      "projectId": "7nJ7UcFmq9UzB6eXfC5z4a",
      "version": "0.36.0",
      "dependencies": {},
      "lang": "ts",
      "fileLocks": [
        {
          "assetId": "7nJ7UcFmq9UzB6eXfC5z4a",
          "type": "projectCss",
          "checksum": "094acef1b416945664ed3718a7cd2665"
        },
        {
          "assetId": "7nJ7UcFmq9UzB6eXfC5z4a",
          "checksum": "7163d6064a75eb61d5378e18a09f8af8",
          "type": "projectModule"
        },
        {
          "assetId": "7nJ7UcFmq9UzB6eXfC5z4a",
          "checksum": "4b44efa19ae2bdd8aa4d0e4ecd07daf0",
          "type": "styleTokensProvider"
        }
      ],
      "codegenVersion": "0.0.2"
    },
    {
      "projectId": "xp1p7dmg329XVLHyuEUxD2",
      "version": "11.40.0",
      "dependencies": {},
      "lang": "ts",
      "fileLocks": [
        {
          "assetId": "xp1p7dmg329XVLHyuEUxD2",
          "type": "projectCss",
          "checksum": "2b3c0d9d38e51eed38ac4a025776358b"
        },
        {
          "assetId": "xp1p7dmg329XVLHyuEUxD2",
          "checksum": "b47a6c654d3425582777c8bb57615869",
          "type": "projectModule"
        },
        {
          "assetId": "xp1p7dmg329XVLHyuEUxD2",
          "checksum": "8deabe206ba15697102309ec4ca09749",
          "type": "styleTokensProvider"
        }
      ],
      "codegenVersion": "0.0.2"
    },
    {
      "projectId": "ohDidvG9XsCeFumugENU3J",
      "version": "6.34.0",
      "dependencies": {},
      "lang": "ts",
      "fileLocks": [
        {
          "assetId": "ohDidvG9XsCeFumugENU3J",
          "checksum": "f35a7050af9ad27b5adac4d101d88037",
          "type": "globalContexts"
        },
        {
          "assetId": "ohDidvG9XsCeFumugENU3J",
          "type": "projectCss",
          "checksum": "90d914ab6827da8f06873ac8ab81cbfa"
        },
        {
          "assetId": "ohDidvG9XsCeFumugENU3J",
          "checksum": "c425737058d1ac29382a23e54666cb69",
          "type": "projectModule"
        },
        {
          "assetId": "ohDidvG9XsCeFumugENU3J",
          "checksum": "220d8db3ee1a6eca080affb2e5d2e314",
          "type": "styleTokensProvider"
        }
      ],
      "codegenVersion": "0.0.2"
    },
    {
      "projectId": "vqq2EkAzn3CTTzmF7cN3ao",
      "version": "latest",
      "dependencies": {
        "ohDidvG9XsCeFumugENU3J": "6.34.0",
        "xp1p7dmg329XVLHyuEUxD2": "11.40.0",
        "7nJ7UcFmq9UzB6eXfC5z4a": "0.36.0",
        "gmeH6XgPaBtkt51HunAo4g": "18.25.0",
        "r3ASNrnyvLLLAtDvzUioQ": "4.13.0",
        "58GpZjZCWTaJ8AUhpCwt2K": "3.33.0",
        "8PtdGodUbexNYgkuyBUcWu": "3.32.0",
        "caTPwKxj5ZrD9LQ7DMdK4Z": "3.45.0"
      },
      "lang": "ts",
      "fileLocks": [
        {
          "type": "globalVariant",
          "assetId": "_bcqIYMmwg5_",
          "checksum": "4737b8cbd89e918ae90d2cc88f16743d"
        },
        {
          "assetId": "vqq2EkAzn3CTTzmF7cN3ao",
          "checksum": "e0abc5765821396c087fe5924d7ba6d2",
          "type": "globalContexts"
        },
        {
          "type": "renderModule",
          "assetId": "1yiwtfdP4kH3",
          "checksum": "afe386b8038139cea31696565c100c90"
        },
        {
          "type": "cssRules",
          "assetId": "1yiwtfdP4kH3",
          "checksum": "afe386b8038139cea31696565c100c90"
        },
        {
          "type": "renderModule",
          "assetId": "TUfunDceiXe8",
          "checksum": "5f49148a94ed547b6b31e79ea1a38170"
        },
        {
          "type": "cssRules",
          "assetId": "TUfunDceiXe8",
          "checksum": "5f49148a94ed547b6b31e79ea1a38170"
        },
        {
          "type": "renderModule",
          "assetId": "TvgYy1l8Ht5S",
          "checksum": "e05996962518c3b2159c6ad4d9c8dd42"
        },
        {
          "type": "cssRules",
          "assetId": "TvgYy1l8Ht5S",
          "checksum": "e05996962518c3b2159c6ad4d9c8dd42"
        },
        {
          "type": "renderModule",
          "assetId": "UEEpgroGNPeM",
          "checksum": "6a6e4e1006d17e26881d8490c42cb760"
        },
        {
          "type": "cssRules",
          "assetId": "UEEpgroGNPeM",
          "checksum": "6a6e4e1006d17e26881d8490c42cb760"
        },
        {
          "type": "renderModule",
          "assetId": "GTvI7WpPAi-K",
          "checksum": "c71eecc2a7f2a6a15be53516f00c0237"
        },
        {
          "type": "cssRules",
          "assetId": "GTvI7WpPAi-K",
          "checksum": "c71eecc2a7f2a6a15be53516f00c0237"
        },
        {
          "type": "renderModule",
          "assetId": "XY7k8ikP1mZU",
          "checksum": "607bb43011fbb966c6bbe7ee92b2ed87"
        },
        {
          "type": "cssRules",
          "assetId": "XY7k8ikP1mZU",
          "checksum": "607bb43011fbb966c6bbe7ee92b2ed87"
        },
        {
          "type": "renderModule",
          "assetId": "p34zt-MnBlpX",
          "checksum": "7f2d1fcd47c0fb6904bc0e9b941bf87b"
        },
        {
          "type": "cssRules",
          "assetId": "p34zt-MnBlpX",
          "checksum": "7f2d1fcd47c0fb6904bc0e9b941bf87b"
        },
        {
          "type": "renderModule",
          "assetId": "5URxreujsqk7",
          "checksum": "5bd85b67aedf6cc1c395a80af224cef6"
        },
        {
          "type": "cssRules",
          "assetId": "5URxreujsqk7",
          "checksum": "5bd85b67aedf6cc1c395a80af224cef6"
        },
        {
          "type": "renderModule",
          "assetId": "6Us2WCXn4WFf",
          "checksum": "bf133474008d9b3fe9c555837bf6b708"
        },
        {
          "type": "cssRules",
          "assetId": "6Us2WCXn4WFf",
          "checksum": "bf133474008d9b3fe9c555837bf6b708"
        },
        {
          "type": "renderModule",
          "assetId": "EoeWiaykbocf",
          "checksum": "d01b192a71b94489f5011f537ba33f86"
        },
        {
          "type": "cssRules",
          "assetId": "EoeWiaykbocf",
          "checksum": "d01b192a71b94489f5011f537ba33f86"
        },
        {
          "type": "renderModule",
          "assetId": "WpsoIcLzp7L2",
          "checksum": "79253ff6c57592f15123864ba852fb69"
        },
        {
          "type": "cssRules",
          "assetId": "WpsoIcLzp7L2",
          "checksum": "79253ff6c57592f15123864ba852fb69"
        },
        {
          "type": "renderModule",
          "assetId": "Gn9AevL_Gj91",
          "checksum": "75ece066b410e25306f34ef3010f1d74"
        },
        {
          "type": "cssRules",
          "assetId": "Gn9AevL_Gj91",
          "checksum": "75ece066b410e25306f34ef3010f1d74"
        },
        {
          "type": "renderModule",
          "assetId": "_QV6Qb-mj3ck",
          "checksum": "9060f8a9ec00fab67c817d8362023280"
        },
        {
          "type": "cssRules",
          "assetId": "_QV6Qb-mj3ck",
          "checksum": "9060f8a9ec00fab67c817d8362023280"
        },
        {
          "type": "renderModule",
          "assetId": "xkG9XGMMUCij",
          "checksum": "b787c7912df872828cd6be6de58d26c9"
        },
        {
          "type": "cssRules",
          "assetId": "xkG9XGMMUCij",
          "checksum": "b787c7912df872828cd6be6de58d26c9"
        },
        {
          "type": "renderModule",
          "assetId": "z8ZcmlVunGaR",
          "checksum": "8474f86a5c64d0c66fdde15febf2145b"
        },
        {
          "type": "cssRules",
          "assetId": "z8ZcmlVunGaR",
          "checksum": "8474f86a5c64d0c66fdde15febf2145b"
        },
        {
          "type": "renderModule",
          "assetId": "Uah7VsWpV6Q4",
          "checksum": "a17e06db8264020c3cea0f35c86872a3"
        },
        {
          "type": "cssRules",
          "assetId": "Uah7VsWpV6Q4",
          "checksum": "a17e06db8264020c3cea0f35c86872a3"
        },
        {
          "type": "renderModule",
          "assetId": "MlYa0Ac5yeND",
          "checksum": "61ed8e0fcc63833198980464f9858be3"
        },
        {
          "type": "cssRules",
          "assetId": "MlYa0Ac5yeND",
          "checksum": "61ed8e0fcc63833198980464f9858be3"
        },
        {
          "type": "renderModule",
          "assetId": "Qey7pJzlldRh",
          "checksum": "d8ecd3401df6fd13be8f175144cbaea9"
        },
        {
          "type": "cssRules",
          "assetId": "Qey7pJzlldRh",
          "checksum": "d8ecd3401df6fd13be8f175144cbaea9"
        },
        {
          "type": "icon",
          "assetId": "gQ9GL9qi87FQ",
          "checksum": "4e9aeff59176ab7b8a0bf959836911a0"
        },
        {
          "type": "icon",
          "assetId": "qG4-swCrl7ga",
          "checksum": "fe2804221b301668f6f4e46d1444c116"
        },
        {
          "type": "icon",
          "assetId": "m0VFjbE6BvxG",
          "checksum": "0f2b542da709e8faea70eb596edd2c0d"
        },
        {
          "type": "icon",
          "assetId": "iL3k7jDQp8ck",
          "checksum": "69b1b7fcd30f5895eacbc05a7ea39da5"
        },
        {
          "type": "icon",
          "assetId": "DWmzHbVOcIT-",
          "checksum": "157871e50a2f5b65d6b92c5d96f5eb6e"
        },
        {
          "type": "icon",
          "assetId": "oOAj4nB30LP5",
          "checksum": "6c61dc61514da6cdab949352b8fd3eab"
        },
        {
          "type": "icon",
          "assetId": "XZALJdQHSzde",
          "checksum": "1036b5dc84cf7736b6be42b1a29bcad8"
        },
        {
          "type": "icon",
          "assetId": "Xh-P5OZMUhzA",
          "checksum": "907a6bfb3a50b2c75cd3ad7afcc6d635"
        },
        {
          "type": "icon",
          "assetId": "foRmfpFiRxDt",
          "checksum": "7e3faabbca8284e0651efbad12b9e67f"
        },
        {
          "type": "icon",
          "assetId": "50XTRVpA0kRv",
          "checksum": "290d27f842aeaf39aa85df3ec450938a"
        },
        {
          "type": "icon",
          "assetId": "I1-UL0cTF0ke",
          "checksum": "8a1823580908c197f77edfccb0581ebc"
        },
        {
          "type": "icon",
          "assetId": "WtRK-ReZF1W-",
          "checksum": "46db091e382b123dba3561be7e72b69b"
        },
        {
          "type": "icon",
          "assetId": "zEW0s-npBroX",
          "checksum": "40f4aed13f9c74b45fab72bcbea7b968"
        },
        {
          "type": "icon",
          "assetId": "aHoszmLT10rp",
          "checksum": "cb7810f027bccf00959d192690a886e5"
        },
        {
          "type": "icon",
          "assetId": "c73RtLfNBEOR",
          "checksum": "94654a643b43a03c4e6c0340a52f5ae9"
        },
        {
          "type": "icon",
          "assetId": "NnlUgWY9zufC",
          "checksum": "f6026e3fcfcc2be9aa870811b22cb51a"
        },
        {
          "type": "icon",
          "assetId": "189YLvEKZ9fA",
          "checksum": "c41c5b1942638669d6250ed29b686893"
        },
        {
          "type": "image",
          "assetId": "BI3tNvHR6Ces",
          "checksum": "60fe0a60de08e30df1c8bc24c04821f1"
        },
        {
          "type": "image",
          "assetId": "VN0JBUqLZp-g",
          "checksum": "75db6789d2f6b85a4ae195c9e82e1731"
        },
        {
          "type": "image",
          "assetId": "D223yFPQ4sVr",
          "checksum": "5963ff599146ed5df36c6ce1ee8d0222"
        },
        {
          "type": "image",
          "assetId": "u9hRAB2vqlGn",
          "checksum": "8ddff35ca9700bcf90b6021ec09ba502"
        },
        {
          "type": "image",
          "assetId": "f5Ec70BX_oNG",
          "checksum": "835afe6462debd3c780cc73b87cd461c"
        },
        {
          "type": "image",
          "assetId": "FK5pTewoUr76",
          "checksum": "0334d2ea29b3668695ae8bf42e1da020"
        },
        {
          "type": "image",
          "assetId": "vgoGQOsg5dVF",
          "checksum": "5c50b09860fdf5943cf7ec11355256be"
        },
        {
          "type": "image",
          "assetId": "vPfkS_JnVxsV",
          "checksum": "1557781586211c907dca817091111e02"
        },
        {
          "type": "image",
          "assetId": "VjTAt4eH7ZO-",
          "checksum": "25ed1d41cc422443de075d4b0a08775e"
        },
        {
          "type": "image",
          "assetId": "S29hhwlGYPRV",
          "checksum": "1c9d211e7909e6f11d913da202b75176"
        },
        {
          "type": "image",
          "assetId": "81juFbMnRMtu",
          "checksum": "9da26d479e3a1136774a8c8a3b39c187"
        },
        {
          "type": "image",
          "assetId": "fVEwkwjOzkt3",
          "checksum": "e7c9bca890b2a4e9f6bd73f1201354a0"
        },
        {
          "type": "image",
          "assetId": "V5jUJPmg3IA6",
          "checksum": "0056579d2f43e7fe18ac5d1467a826f3"
        },
        {
          "type": "image",
          "assetId": "bT5CRmo3CRcg",
          "checksum": "c17dc4f64c29879eed1b9145f3339815"
        },
        {
          "type": "image",
          "assetId": "jhvk7es4RVUz",
          "checksum": "304a501790f064e28be96d99c6f49e95"
        },
        {
          "type": "image",
          "assetId": "vD0HkPYYGPHz",
          "checksum": "791ad23bd2ea5dd30eaa51586c0be844"
        },
        {
          "type": "image",
          "assetId": "GhJWhgOl7zLc",
          "checksum": "3958612dfc521a10bb0aaf1d497fcfb2"
        },
        {
          "type": "image",
          "assetId": "vMGz9fdv8LTY",
          "checksum": "5002e902caa0a9440aed6a5ea71f6ee7"
        },
        {
          "type": "image",
          "assetId": "-o-HnkyQy6av",
          "checksum": "41c2f2b9c3dd5a37623830f5362992ee"
        },
        {
          "type": "image",
          "assetId": "LDVKoQ5TDNwp",
          "checksum": "ded882aa3a7e3b3e9422c67f7de902cb"
        },
        {
          "type": "renderModule",
          "assetId": "sGwmsxf_S2NU",
          "checksum": "7ef555691a20c3b4f01df7477596a831"
        },
        {
          "type": "cssRules",
          "assetId": "sGwmsxf_S2NU",
          "checksum": "7ef555691a20c3b4f01df7477596a831"
        },
        {
          "type": "renderModule",
          "assetId": "ofZRJvk17xGu",
          "checksum": "75a84c321673f478b2116bf4e5cedde9"
        },
        {
          "type": "cssRules",
          "assetId": "ofZRJvk17xGu",
          "checksum": "75a84c321673f478b2116bf4e5cedde9"
        },
        {
          "type": "renderModule",
          "assetId": "pwkDe4WdLeEP",
          "checksum": "2b243ebc86a988f0e56f194220155495"
        },
        {
          "type": "cssRules",
          "assetId": "pwkDe4WdLeEP",
          "checksum": "2b243ebc86a988f0e56f194220155495"
        },
        {
          "type": "image",
          "assetId": "sO40N34crS2x",
          "checksum": "79064e65bbb79a5c44132033447fad77"
        },
        {
          "type": "image",
          "assetId": "6wKTpeQXfc3d",
          "checksum": "f9b64e4ded9854d5a3cbfbe7f7ee289d"
        },
        {
          "type": "image",
          "assetId": "0Yox9Emv-03E",
          "checksum": "b62e775ff75d2ea940244140751c4613"
        },
        {
          "type": "image",
          "assetId": "JWrCDZVVef-q",
          "checksum": "ba0dd55803b5bac53da4e307019bbe21"
        },
        {
          "type": "image",
          "assetId": "RJDYbWRwdDHB",
          "checksum": "06b68e673bd444b869edce9c50095939"
        },
        {
          "assetId": "vqq2EkAzn3CTTzmF7cN3ao",
          "checksum": "92dc44924099f99a34f3636944169850",
          "type": "projectModule"
        },
        {
          "assetId": "vqq2EkAzn3CTTzmF7cN3ao",
          "checksum": "df73176be9060248d6c6c35b2236f597",
          "type": "styleTokensProvider"
        },
        {
          "type": "icon",
          "assetId": "pDVD-qoq9ubb",
          "checksum": "125007b24c82493035ce10eb19712d59"
        },
        {
          "assetId": "vqq2EkAzn3CTTzmF7cN3ao",
          "type": "projectCss",
          "checksum": "d7d06f597b6557aa5cc37adc595fca6a"
        },
        {
          "type": "image",
          "assetId": "Nyy_IkYQNMI2",
          "checksum": "9ad2f8d10ab442e582e9bba86be2be17"
        }
      ],
      "codegenVersion": "0.0.2"
    },
    {
      "projectId": "caTPwKxj5ZrD9LQ7DMdK4Z",
      "version": "3.45.0",
      "dependencies": {},
      "lang": "ts",
      "fileLocks": [
        {
          "assetId": "caTPwKxj5ZrD9LQ7DMdK4Z",
          "type": "projectCss",
          "checksum": "fd97b5780f8a68a1561c8818e6d31f40"
        },
        {
          "assetId": "caTPwKxj5ZrD9LQ7DMdK4Z",
          "checksum": "efdcd613ac98718578f9c563cd75fd38",
          "type": "projectModule"
        },
        {
          "assetId": "caTPwKxj5ZrD9LQ7DMdK4Z",
          "checksum": "786b5e9825dbcc9f57e650603b1b1624",
          "type": "styleTokensProvider"
        }
      ],
      "codegenVersion": "0.0.2"
    }
  ],
  "cliVersion": "0.1.340"
}
